{
  "version": "5",
  "specifiers": {
    "npm:@noble/ciphers@1.2.0": "1.2.0",
    "npm:@noble/hashes@1.8.0": "1.8.0"
  },
  "npm": {
    "@noble/ciphers@1.2.0": {
      "integrity": "sha512-YGdEUzYEd+82jeaVbSKKVp1jFZb8LwaNMIIzHFkihGvYdd/KKAr7KaJHdEdSYGredE3ssSravXIa0Jxg28Sv5w=="
    },
    "@noble/hashes@1.8.0": {
      "integrity": "sha512-jCs9ldd7NwzpgXDIf6P3+NrHh9/sD6CQdxHyjQI+h/6rDNo88ypBxxz45UDuZHz9r3tNz7N/VInSVoVdtXEI4A=="
    }
  },
  "workspace": {
    "dependencies": [
      "jsr:@noble/hashes@^2.0.1",
      "npm:@noble/ciphers@1.2.0",
      "npm:@noble/hashes@1.8.0"
    ]
  }
}
